
Microsoft Visual Studio Solution File, Format Version 12.00
# Visual Studio Version 16
VisualStudioVersion = 16.0.33214.272
MinimumVisualStudioVersion = 10.0.40219.1
Project("{FAE04EC0-301F-11D3-BF4B-00C04F79EFBC}") = "Funcionario", "Funcionario\Funcionario.csproj", "{6467CBC4-FCFF-44A0-89E9-B22717DE3253}"
EndProject
Global
	GlobalSection(SolutionConfigurationPlatforms) = preSolution
		Debug|Any CPU = Debug|Any CPU
		Release|Any CPU = Release|Any CPU
	EndGlobalSection
	GlobalSection(ProjectConfigurationPlatforms) = postSolution
		{6467CBC4-FCFF-44A0-89E9-B22717DE3253}.Debug|Any CPU.ActiveCfg = Debug|Any CPU
		{6467CBC4-FCFF-44A0-89E9-B22717DE3253}.Debug|Any CPU.Build.0 = Debug|Any CPU
		{6467CBC4-FCFF-44A0-89E9-B22717DE3253}.Release|Any CPU.ActiveCfg = Release|Any CPU
		{6467CBC4-FCFF-44A0-89E9-B22717DE3253}.Release|Any CPU.Build.0 = Release|Any CPU
	EndGlobalSection
	GlobalSection(SolutionProperties) = preSolution
		HideSolutionNode = FALSE
	EndGlobalSection
	GlobalSection(ExtensibilityGlobals) = postSolution
		SolutionGuid = {662987AB-2B1B-4C6C-B9E4-8EBB95830FBA}
	EndGlobalSection
EndGlobal
